
Microsoft Visual Studio Solution File, Format Version 12.00
# Visual Studio Version 16
VisualStudioVersion = 16.0.30803.129
MinimumVisualStudioVersion = 10.0.40219.1
Project("{9A19103F-16F7-4668-BE54-9A1E7A4F7556}") = "ScreenBrightnessService", "ScreenBrightnessService\ScreenBrightnessService.csproj", "{62601733-EDC6-40A0-A93A-32EE209C9B00}"
EndProject
Global
	GlobalSection(SolutionConfigurationPlatforms) = preSolution
		Debug|Any CPU = Debug|Any CPU
		Release|Any CPU = Release|Any CPU
	EndGlobalSection
	GlobalSection(ProjectConfigurationPlatforms) = postSolution
		{62601733-EDC6-40A0-A93A-32EE209C9B00}.Debug|Any CPU.ActiveCfg = Debug|Any CPU
		{62601733-EDC6-40A0-A93A-32EE209C9B00}.Debug|Any CPU.Build.0 = Debug|Any CPU
		{62601733-EDC6-40A0-A93A-32EE209C9B00}.Release|Any CPU.ActiveCfg = Release|Any CPU
		{62601733-EDC6-40A0-A93A-32EE209C9B00}.Release|Any CPU.Build.0 = Release|Any CPU
	EndGlobalSection
	GlobalSection(SolutionProperties) = preSolution
		HideSolutionNode = FALSE
	EndGlobalSection
	GlobalSection(ExtensibilityGlobals) = postSolution
		SolutionGuid = {D4312CD5-74AB-404E-BEAA-AD07FE3D25AD}
	EndGlobalSection
EndGlobal
